
Microsoft Visual Studio Solution File, Format Version 12.00
# Visual Studio Version 17
VisualStudioVersion = 17.8.34330.188
MinimumVisualStudioVersion = 10.0.40219.1
Project("{FAE04EC0-301F-11D3-BF4B-00C04F79EFBC}") = "MqttDashboard.Server", "MqttDashboard.Server\MqttDashboard.Server.csproj", "{F48E2AB3-6C44-49AE-982D-F5E7592EB1DB}"
EndProject
Project("{54A90642-561A-4BB1-A94E-469ADEE60C69}") = "mqttdashboard.client", "mqttdashboard.client\mqttdashboard.client.esproj", "{1BBC46D6-B347-43F4-86A6-B5C997F80FEB}"
EndProject
Global
	GlobalSection(SolutionConfigurationPlatforms) = preSolution
		Debug|Any CPU = Debug|Any CPU
		Release|Any CPU = Release|Any CPU
	EndGlobalSection
	GlobalSection(ProjectConfigurationPlatforms) = postSolution
		{F48E2AB3-6C44-49AE-982D-F5E7592EB1DB}.Debug|Any CPU.ActiveCfg = Debug|Any CPU
		{F48E2AB3-6C44-49AE-982D-F5E7592EB1DB}.Debug|Any CPU.Build.0 = Debug|Any CPU
		{F48E2AB3-6C44-49AE-982D-F5E7592EB1DB}.Release|Any CPU.ActiveCfg = Release|Any CPU
		{F48E2AB3-6C44-49AE-982D-F5E7592EB1DB}.Release|Any CPU.Build.0 = Release|Any CPU
		{1BBC46D6-B347-43F4-86A6-B5C997F80FEB}.Debug|Any CPU.ActiveCfg = Debug|Any CPU
		{1BBC46D6-B347-43F4-86A6-B5C997F80FEB}.Debug|Any CPU.Build.0 = Debug|Any CPU
		{1BBC46D6-B347-43F4-86A6-B5C997F80FEB}.Debug|Any CPU.Deploy.0 = Debug|Any CPU
		{1BBC46D6-B347-43F4-86A6-B5C997F80FEB}.Release|Any CPU.ActiveCfg = Release|Any CPU
		{1BBC46D6-B347-43F4-86A6-B5C997F80FEB}.Release|Any CPU.Build.0 = Release|Any CPU
		{1BBC46D6-B347-43F4-86A6-B5C997F80FEB}.Release|Any CPU.Deploy.0 = Release|Any CPU
	EndGlobalSection
	GlobalSection(SolutionProperties) = preSolution
		HideSolutionNode = FALSE
	EndGlobalSection
	GlobalSection(ExtensibilityGlobals) = postSolution
		SolutionGuid = {993C50FA-60A7-4807-92DC-3BDEACCB2C23}
	EndGlobalSection
EndGlobal
