
Microsoft Visual Studio Solution File, Format Version 12.00
# Visual Studio Version 17
VisualStudioVersion = 17.8.34330.188
MinimumVisualStudioVersion = 10.0.40219.1
Project("{9A19103F-16F7-4668-BE54-9A1E7A4F7556}") = "MqttDashboard.Server", "MqttDashboard.Server\MqttDashboard.Server.csproj", "{F48E2AB3-6C44-49AE-982D-F5E7592EB1DB}"
EndProject
Project("{54A90642-561A-4BB1-A94E-469ADEE60C69}") = "mqttdashboard.client", "mqttdashboard.client\mqttdashboard.client.esproj", "{1BBC46D6-B347-43F4-86A6-B5C997F80FEB}"
EndProject
Project("{9A19103F-16F7-4668-BE54-9A1E7A4F7556}") = "MqttDashboard.Dal", "MqttDashboard.Dal\MqttDashboard.Dal.csproj", "{C67EAD86-9A50-45A4-96DF-8B84AE60A93E}"
EndProject
Project("{9A19103F-16F7-4668-BE54-9A1E7A4F7556}") = "MqttDashboard.Service", "MqttDashboard.Service\MqttDashboard.Service.csproj", "{E6BD7F56-17BF-4DFE-BA50-F3BE814834F8}"
EndProject
Project("{2150E333-8FDC-42A3-9474-1A3956D46DE8}") = "Solution Items", "Solution Items", "{DC3D8561-CE9E-4D29-9B8A-01D1EE6FE4E2}"
	ProjectSection(SolutionItems) = preProject
		README.md = README.md
		images\signalR.png = images\signalR.png
	EndProjectSection
EndProject
Global
	GlobalSection(SolutionConfigurationPlatforms) = preSolution
		Debug|Any CPU = Debug|Any CPU
		Release|Any CPU = Release|Any CPU
	EndGlobalSection
	GlobalSection(ProjectConfigurationPlatforms) = postSolution
		{F48E2AB3-6C44-49AE-982D-F5E7592EB1DB}.Debug|Any CPU.ActiveCfg = Debug|Any CPU
		{F48E2AB3-6C44-49AE-982D-F5E7592EB1DB}.Debug|Any CPU.Build.0 = Debug|Any CPU
		{F48E2AB3-6C44-49AE-982D-F5E7592EB1DB}.Release|Any CPU.ActiveCfg = Release|Any CPU
		{F48E2AB3-6C44-49AE-982D-F5E7592EB1DB}.Release|Any CPU.Build.0 = Release|Any CPU
		{1BBC46D6-B347-43F4-86A6-B5C997F80FEB}.Debug|Any CPU.ActiveCfg = Debug|Any CPU
		{1BBC46D6-B347-43F4-86A6-B5C997F80FEB}.Debug|Any CPU.Build.0 = Debug|Any CPU
		{1BBC46D6-B347-43F4-86A6-B5C997F80FEB}.Debug|Any CPU.Deploy.0 = Debug|Any CPU
		{1BBC46D6-B347-43F4-86A6-B5C997F80FEB}.Release|Any CPU.ActiveCfg = Release|Any CPU
		{1BBC46D6-B347-43F4-86A6-B5C997F80FEB}.Release|Any CPU.Build.0 = Release|Any CPU
		{1BBC46D6-B347-43F4-86A6-B5C997F80FEB}.Release|Any CPU.Deploy.0 = Release|Any CPU
		{C67EAD86-9A50-45A4-96DF-8B84AE60A93E}.Debug|Any CPU.ActiveCfg = Debug|Any CPU
		{C67EAD86-9A50-45A4-96DF-8B84AE60A93E}.Debug|Any CPU.Build.0 = Debug|Any CPU
		{C67EAD86-9A50-45A4-96DF-8B84AE60A93E}.Release|Any CPU.ActiveCfg = Release|Any CPU
		{C67EAD86-9A50-45A4-96DF-8B84AE60A93E}.Release|Any CPU.Build.0 = Release|Any CPU
		{E6BD7F56-17BF-4DFE-BA50-F3BE814834F8}.Debug|Any CPU.ActiveCfg = Debug|Any CPU
		{E6BD7F56-17BF-4DFE-BA50-F3BE814834F8}.Debug|Any CPU.Build.0 = Debug|Any CPU
		{E6BD7F56-17BF-4DFE-BA50-F3BE814834F8}.Release|Any CPU.ActiveCfg = Release|Any CPU
		{E6BD7F56-17BF-4DFE-BA50-F3BE814834F8}.Release|Any CPU.Build.0 = Release|Any CPU
	EndGlobalSection
	GlobalSection(SolutionProperties) = preSolution
		HideSolutionNode = FALSE
	EndGlobalSection
	GlobalSection(ExtensibilityGlobals) = postSolution
		SolutionGuid = {993C50FA-60A7-4807-92DC-3BDEACCB2C23}
	EndGlobalSection
EndGlobal
